<?xml version="1.0" encoding="utf-8"?>
<Project ToolsVersion="4.0" xmlns="http://schemas.microsoft.com/developer/msbuild/2003">
  <ItemGroup>
    <Filter Include="源文件">
      <UniqueIdentifier>{4FC737F1-C7A5-4376-A066-2A32D752A2FF}</UniqueIdentifier>
      <Extensions>cpp;c;cc;cxx;c++;cppm;ixx;def;odl;idl;hpj;bat;asm;asmx</Extensions>
    </Filter>
    <Filter Include="头文件">
      <UniqueIdentifier>{93995380-89BD-4b04-88EB-625FBE52EBFB}</UniqueIdentifier>
      <Extensions>h;hh;hpp;hxx;h++;hm;inl;inc;ipp;xsd</Extensions>
    </Filter>
    <Filter Include="资源文件">
      <UniqueIdentifier>{67DA6AB6-F800-4c08-8B7A-83BB121AAD01}</UniqueIdentifier>
      <Extensions>rc;ico;cur;bmp;dlg;rc2;rct;bin;rgs;gif;jpg;jpeg;jpe;resx;tiff;tif;png;wav;mfcribbon-ms</Extensions>
    </Filter>
  </ItemGroup>
  <ItemGroup>
    <ClCompile Include="src\debug.c">
      <Filter>源文件</Filter>
    </ClCompile>
    <ClCompile Include="src\nonpagedpool_utils.c">
      <Filter>源文件</Filter>
    </ClCompile>
    <ClCompile Include="src\pagedpool_utils.c">
      <Filter>源文件</Filter>
    </ClCompile>
    <ClCompile Include="src\pipe_utils.c">
      <Filter>源文件</Filter>
    </ClCompile>
    <ClCompile Include="src\poc_exploit.c">
      <Filter>源文件</Filter>
    </ClCompile>
    <ClCompile Include="src\utils.c">
      <Filter>源文件</Filter>
    </ClCompile>
    <ClCompile Include="src\vuln.c">
      <Filter>源文件</Filter>
    </ClCompile>
    <ClCompile Include="src\vuln_driver_client.c">
      <Filter>源文件</Filter>
    </ClCompile>
    <ClCompile Include="src\pdb_file.cpp">
      <Filter>源文件</Filter>
    </ClCompile>
    <ClCompile Include="src\pdb_symbols.cpp">
      <Filter>源文件</Filter>
    </ClCompile>
    <ClCompile Include="src\pdb_types.cpp">
      <Filter>源文件</Filter>
    </ClCompile>
    <ClCompile Include="src\pdb_utils.cpp">
      <Filter>源文件</Filter>
    </ClCompile>
    <ClCompile Include="src\config.cpp">
      <Filter>源文件</Filter>
    </ClCompile>
  </ItemGroup>
  <ItemGroup>
    <ClInclude Include="includes\debug.h">
      <Filter>头文件</Filter>
    </ClInclude>
    <ClInclude Include="includes\exploit.h">
      <Filter>头文件</Filter>
    </ClInclude>
    <ClInclude Include="includes\Ioctl.h">
      <Filter>头文件</Filter>
    </ClInclude>
    <ClInclude Include="includes\logs.h">
      <Filter>头文件</Filter>
    </ClInclude>
    <ClInclude Include="includes\nonpagedpool_utils.h">
      <Filter>头文件</Filter>
    </ClInclude>
    <ClInclude Include="includes\pagedpool_utils.h">
      <Filter>头文件</Filter>
    </ClInclude>
    <ClInclude Include="includes\pipe_utils.h">
      <Filter>头文件</Filter>
    </ClInclude>
    <ClInclude Include="includes\utils.h">
      <Filter>头文件</Filter>
    </ClInclude>
    <ClInclude Include="includes\vuln.h">
      <Filter>头文件</Filter>
    </ClInclude>
    <ClInclude Include="includes\vuln_driver_client.h">
      <Filter>头文件</Filter>
    </ClInclude>
    <ClInclude Include="src\pdb_file.h">
      <Filter>头文件</Filter>
    </ClInclude>
    <ClInclude Include="src\pdb_info.h">
      <Filter>头文件</Filter>
    </ClInclude>
    <ClInclude Include="src\pdb_symbols.h">
      <Filter>头文件</Filter>
    </ClInclude>
    <ClInclude Include="src\pdb_types.h">
      <Filter>头文件</Filter>
    </ClInclude>
    <ClInclude Include="src\pdb_utils.h">
      <Filter>头文件</Filter>
    </ClInclude>
  </ItemGroup>
</Project>